// !$*UTF8*$!
{
	archiveVersion = 1;
	classes = {
	};
	objectVersion = 45;
	objects = {

/* Begin PBXBuildFile section */
		825F718E11B59848003659A3 /* NSArray+Functional.m in Sources */ = {isa = PBXBuildFile; fileRef = 825F718D11B59848003659A3 /* NSArray+Functional.m */; };
		825F734D11B6AFEC003659A3 /* OCStream.m in Sources */ = {isa = PBXBuildFile; fileRef = 825F734C11B6AFEC003659A3 /* OCStream.m */; };
		825F7ADD11B8085A003659A3 /* OCArray.m in Sources */ = {isa = PBXBuildFile; fileRef = 825F7ADC11B8085A003659A3 /* OCArray.m */; };
		8DD76F9A0486AA7600D96B5E /* Objective-Curry.m in Sources */ = {isa = PBXBuildFile; fileRef = 08FB7796FE84155DC02AAC07 /* Objective-Curry.m */; settings = {ATTRIBUTES = (); }; };
		8DD76F9C0486AA7600D96B5E /* Foundation.framework in Frameworks */ = {isa = PBXBuildFile; fileRef = 08FB779EFE84155DC02AAC07 /* Foundation.framework */; };
/* End PBXBuildFile section */

/* Begin PBXCopyFilesBuildPhase section */
		8DD76F9E0486AA7600D96B5E /* CopyFiles */ = {
			isa = PBXCopyFilesBuildPhase;
			buildActionMask = 8;
			dstPath = /usr/share/man/man1/;
			dstSubfolderSpec = 0;
			files = (
			);
			runOnlyForDeploymentPostprocessing = 1;
		};
/* End PBXCopyFilesBuildPhase section */

/* Begin PBXFileReference section */
		08FB7796FE84155DC02AAC07 /* Objective-Curry.m */ = {isa = PBXFileReference; fileEncoding = 4; lastKnownFileType = sourcecode.c.objc; path = "Objective-Curry.m"; sourceTree = "<group>"; };
		08FB779EFE84155DC02AAC07 /* Foundation.framework */ = {isa = PBXFileReference; lastKnownFileType = wrapper.framework; name = Foundation.framework; path = /System/Library/Frameworks/Foundation.framework; sourceTree = "<absolute>"; };
		32A70AAB03705E1F00C91783 /* Objective-Curry_Prefix.pch */ = {isa = PBXFileReference; fileEncoding = 4; lastKnownFileType = sourcecode.c.h; path = "Objective-Curry_Prefix.pch"; sourceTree = "<group>"; };
		825F715A11B5973B003659A3 /* curry.h */ = {isa = PBXFileReference; fileEncoding = 4; lastKnownFileType = sourcecode.c.h; path = curry.h; sourceTree = "<group>"; };
		825F715B11B5973B003659A3 /* curry.m */ = {isa = PBXFileReference; fileEncoding = 4; lastKnownFileType = sourcecode.c.objc; path = curry.m; sourceTree = "<group>"; };
		825F718C11B59848003659A3 /* NSArray+Functional.h */ = {isa = PBXFileReference; fileEncoding = 4; lastKnownFileType = sourcecode.c.h; path = "NSArray+Functional.h"; sourceTree = "<group>"; };
		825F718D11B59848003659A3 /* NSArray+Functional.m */ = {isa = PBXFileReference; fileEncoding = 4; lastKnownFileType = sourcecode.c.objc; path = "NSArray+Functional.m"; sourceTree = "<group>"; };
		825F734B11B6AFEC003659A3 /* OCStream.h */ = {isa = PBXFileReference; fileEncoding = 4; lastKnownFileType = sourcecode.c.h; path = OCStream.h; sourceTree = "<group>"; };
		825F734C11B6AFEC003659A3 /* OCStream.m */ = {isa = PBXFileReference; fileEncoding = 4; lastKnownFileType = sourcecode.c.objc; path = OCStream.m; sourceTree = "<group>"; };
		825F7ADB11B8085A003659A3 /* OCArray.h */ = {isa = PBXFileReference; fileEncoding = 4; lastKnownFileType = sourcecode.c.h; path = OCArray.h; sourceTree = "<group>"; };
		825F7ADC11B8085A003659A3 /* OCArray.m */ = {isa = PBXFileReference; fileEncoding = 4; lastKnownFileType = sourcecode.c.objc; path = OCArray.m; sourceTree = "<group>"; };
		8DD76FA10486AA7600D96B5E /* Objective-Curry */ = {isa = PBXFileReference; explicitFileType = "compiled.mach-o.executable"; includeInIndex = 0; path = "Objective-Curry"; sourceTree = BUILT_PRODUCTS_DIR; };
/* End PBXFileReference section */

/* Begin PBXFrameworksBuildPhase section */
		8DD76F9B0486AA7600D96B5E /* Frameworks */ = {
			isa = PBXFrameworksBuildPhase;
			buildActionMask = 2147483647;
			files = (
				8DD76F9C0486AA7600D96B5E /* Foundation.framework in Frameworks */,
			);
			runOnlyForDeploymentPostprocessing = 0;
		};
/* End PBXFrameworksBuildPhase section */

/* Begin PBXGroup section */
		08FB7794FE84155DC02AAC07 /* Objective-Curry */ = {
			isa = PBXGroup;
			children = (
				08FB7795FE84155DC02AAC07 /* Source */,
				08FB779DFE84155DC02AAC07 /* External Frameworks and Libraries */,
				1AB674ADFE9D54B511CA2CBB /* Products */,
			);
			name = "Objective-Curry";
			sourceTree = "<group>";
		};
		08FB7795FE84155DC02AAC07 /* Source */ = {
			isa = PBXGroup;
			children = (
				825F734811B6AFB6003659A3 /* OCStream */,
				825F717B11B59840003659A3 /* Categories */,
				32A70AAB03705E1F00C91783 /* Objective-Curry_Prefix.pch */,
				08FB7796FE84155DC02AAC07 /* Objective-Curry.m */,
				825F715A11B5973B003659A3 /* curry.h */,
				825F715B11B5973B003659A3 /* curry.m */,
			);
			name = Source;
			sourceTree = "<group>";
		};
		08FB779DFE84155DC02AAC07 /* External Frameworks and Libraries */ = {
			isa = PBXGroup;
			children = (
				08FB779EFE84155DC02AAC07 /* Foundation.framework */,
			);
			name = "External Frameworks and Libraries";
			sourceTree = "<group>";
		};
		1AB674ADFE9D54B511CA2CBB /* Products */ = {
			isa = PBXGroup;
			children = (
				8DD76FA10486AA7600D96B5E /* Objective-Curry */,
			);
			name = Products;
			sourceTree = "<group>";
		};
		825F717B11B59840003659A3 /* Categories */ = {
			isa = PBXGroup;
			children = (
				825F718C11B59848003659A3 /* NSArray+Functional.h */,
				825F718D11B59848003659A3 /* NSArray+Functional.m */,
			);
			name = Categories;
			sourceTree = "<group>";
		};
		825F734811B6AFB6003659A3 /* OCStream */ = {
			isa = PBXGroup;
			children = (
				825F734B11B6AFEC003659A3 /* OCStream.h */,
				825F734C11B6AFEC003659A3 /* OCStream.m */,
				825F7ADB11B8085A003659A3 /* OCArray.h */,
				825F7ADC11B8085A003659A3 /* OCArray.m */,
			);
			name = OCStream;
			sourceTree = "<group>";
		};
/* End PBXGroup section */

/* Begin PBXNativeTarget section */
		8DD76F960486AA7600D96B5E /* Objective-Curry */ = {
			isa = PBXNativeTarget;
			buildConfigurationList = 1DEB927408733DD40010E9CD /* Build configuration list for PBXNativeTarget "Objective-Curry" */;
			buildPhases = (
				8DD76F990486AA7600D96B5E /* Sources */,
				8DD76F9B0486AA7600D96B5E /* Frameworks */,
				8DD76F9E0486AA7600D96B5E /* CopyFiles */,
			);
			buildRules = (
			);
			dependencies = (
			);
			name = "Objective-Curry";
			productInstallPath = "$(HOME)/bin";
			productName = "Objective-Curry";
			productReference = 8DD76FA10486AA7600D96B5E /* Objective-Curry */;
			productType = "com.apple.product-type.tool";
		};
/* End PBXNativeTarget section */

/* Begin PBXProject section */
		08FB7793FE84155DC02AAC07 /* Project object */ = {
			isa = PBXProject;
			buildConfigurationList = 1DEB927808733DD40010E9CD /* Build configuration list for PBXProject "Objective-Curry" */;
			compatibilityVersion = "Xcode 3.1";
			hasScannedForEncodings = 1;
			mainGroup = 08FB7794FE84155DC02AAC07 /* Objective-Curry */;
			projectDirPath = "";
			projectRoot = "";
			targets = (
				8DD76F960486AA7600D96B5E /* Objective-Curry */,
			);
		};
/* End PBXProject section */

/* Begin PBXSourcesBuildPhase section */
		8DD76F990486AA7600D96B5E /* Sources */ = {
			isa = PBXSourcesBuildPhase;
			buildActionMask = 2147483647;
			files = (
				8DD76F9A0486AA7600D96B5E /* Objective-Curry.m in Sources */,
				825F718E11B59848003659A3 /* NSArray+Functional.m in Sources */,
				825F734D11B6AFEC003659A3 /* OCStream.m in Sources */,
				825F7ADD11B8085A003659A3 /* OCArray.m in Sources */,
			);
			runOnlyForDeploymentPostprocessing = 0;
		};
/* End PBXSourcesBuildPhase section */

/* Begin XCBuildConfiguration section */
		1DEB927508733DD40010E9CD /* Debug */ = {
			isa = XCBuildConfiguration;
			buildSettings = {
				ALWAYS_SEARCH_USER_PATHS = NO;
				COPY_PHASE_STRIP = NO;
				GCC_DYNAMIC_NO_PIC = NO;
				GCC_ENABLE_FIX_AND_CONTINUE = YES;
				GCC_MODEL_TUNING = G5;
				GCC_OPTIMIZATION_LEVEL = 0;
				GCC_PRECOMPILE_PREFIX_HEADER = YES;
				GCC_PREFIX_HEADER = "Objective-Curry_Prefix.pch";
				GCC_VERSION = com.apple.compilers.llvm.clang.1_0;
				INSTALL_PATH = /usr/local/bin;
				PRODUCT_NAME = "Objective-Curry";
			};
			name = Debug;
		};
		1DEB927608733DD40010E9CD /* Release */ = {
			isa = XCBuildConfiguration;
			buildSettings = {
				ALWAYS_SEARCH_USER_PATHS = NO;
				DEBUG_INFORMATION_FORMAT = "dwarf-with-dsym";
				GCC_MODEL_TUNING = G5;
				GCC_PRECOMPILE_PREFIX_HEADER = YES;
				GCC_PREFIX_HEADER = "Objective-Curry_Prefix.pch";
				GCC_VERSION = com.apple.compilers.llvm.clang.1_0;
				INSTALL_PATH = /usr/local/bin;
				PRODUCT_NAME = "Objective-Curry";
			};
			name = Release;
		};
		1DEB927908733DD40010E9CD /* Debug */ = {
			isa = XCBuildConfiguration;
			buildSettings = {
				ARCHS = "$(ARCHS_STANDARD_32_64_BIT)";
				GCC_C_LANGUAGE_STANDARD = gnu99;
				GCC_OPTIMIZATION_LEVEL = 0;
				GCC_WARN_ABOUT_RETURN_TYPE = YES;
				GCC_WARN_UNUSED_VARIABLE = YES;
				ONLY_ACTIVE_ARCH = YES;
				PREBINDING = NO;
				SDKROOT = macosx10.6;
			};
			name = Debug;
		};
		1DEB927A08733DD40010E9CD /* Release */ = {
			isa = XCBuildConfiguration;
			buildSettings = {
				ARCHS = "$(ARCHS_STANDARD_32_64_BIT)";
				GCC_C_LANGUAGE_STANDARD = gnu99;
				GCC_WARN_ABOUT_RETURN_TYPE = YES;
				GCC_WARN_UNUSED_VARIABLE = YES;
				PREBINDING = NO;
				SDKROOT = macosx10.6;
			};
			name = Release;
		};
/* End XCBuildConfiguration section */

/* Begin XCConfigurationList section */
		1DEB927408733DD40010E9CD /* Build configuration list for PBXNativeTarget "Objective-Curry" */ = {
			isa = XCConfigurationList;
			buildConfigurations = (
				1DEB927508733DD40010E9CD /* Debug */,
				1DEB927608733DD40010E9CD /* Release */,
			);
			defaultConfigurationIsVisible = 0;
			defaultConfigurationName = Release;
		};
		1DEB927808733DD40010E9CD /* Build configuration list for PBXProject "Objective-Curry" */ = {
			isa = XCConfigurationList;
			buildConfigurations = (
				1DEB927908733DD40010E9CD /* Debug */,
				1DEB927A08733DD40010E9CD /* Release */,
			);
			defaultConfigurationIsVisible = 0;
			defaultConfigurationName = Release;
		};
/* End XCConfigurationList section */
	};
	rootObject = 08FB7793FE84155DC02AAC07 /* Project object */;
}
